
Microsoft Visual Studio Solution File, Format Version 12.00
# Visual Studio Version 16
VisualStudioVersion = 16.0.30804.86
MinimumVisualStudioVersion = 10.0.40219.1
Project("{9A19103F-16F7-4668-BE54-9A1E7A4F7556}") = "WepApi", "WepApi\WepApi.csproj", "{B841EDEF-DD79-4CFF-B756-BD2683A5BD80}"
EndProject
Project("{FAE04EC0-301F-11D3-BF4B-00C04F79EFBC}") = "AdminWebAppMVC", "AdminWebAppMVC\AdminWebAppMVC.csproj", "{24D4F7BA-03FA-4B06-B197-A549004B55FF}"
EndProject
Global
	GlobalSection(SolutionConfigurationPlatforms) = preSolution
		Debug|Any CPU = Debug|Any CPU
		Release|Any CPU = Release|Any CPU
	EndGlobalSection
	GlobalSection(ProjectConfigurationPlatforms) = postSolution
		{B841EDEF-DD79-4CFF-B756-BD2683A5BD80}.Debug|Any CPU.ActiveCfg = Debug|Any CPU
		{B841EDEF-DD79-4CFF-B756-BD2683A5BD80}.Debug|Any CPU.Build.0 = Debug|Any CPU
		{B841EDEF-DD79-4CFF-B756-BD2683A5BD80}.Release|Any CPU.ActiveCfg = Release|Any CPU
		{B841EDEF-DD79-4CFF-B756-BD2683A5BD80}.Release|Any CPU.Build.0 = Release|Any CPU
		{24D4F7BA-03FA-4B06-B197-A549004B55FF}.Debug|Any CPU.ActiveCfg = Debug|Any CPU
		{24D4F7BA-03FA-4B06-B197-A549004B55FF}.Debug|Any CPU.Build.0 = Debug|Any CPU
		{24D4F7BA-03FA-4B06-B197-A549004B55FF}.Release|Any CPU.ActiveCfg = Release|Any CPU
		{24D4F7BA-03FA-4B06-B197-A549004B55FF}.Release|Any CPU.Build.0 = Release|Any CPU
	EndGlobalSection
	GlobalSection(SolutionProperties) = preSolution
		HideSolutionNode = FALSE
	EndGlobalSection
	GlobalSection(ExtensibilityGlobals) = postSolution
		SolutionGuid = {BD3EAEA1-C5BA-47BC-ABFE-8F1B575A4A36}
	EndGlobalSection
EndGlobal
